// !$*UTF8*$!
{
	archiveVersion = 1;
	classes = {
	};
	objectVersion = 77;
	objects = {

/* Begin PBXBuildFile section */
		653020462D956DB100EF33A3 /* SwiftUI.framework in Frameworks */ = {isa = PBXBuildFile; fileRef = 653020452D956DB100EF33A3 /* SwiftUI.framework */; };
		653020482D956DBD00EF33A3 /* Foundation.framework in Frameworks */ = {isa = PBXBuildFile; fileRef = 653020472D956DBD00EF33A3 /* Foundation.framework */; };
		6530204C2D95818D00EF33A3 /* CoreMedia.framework in Frameworks */ = {isa = PBXBuildFile; fileRef = 6530204B2D95818D00EF33A3 /* CoreMedia.framework */; };
		6530204E2D95819500EF33A3 /* CoreVideo.framework in Frameworks */ = {isa = PBXBuildFile; fileRef = 6530204D2D95819500EF33A3 /* CoreVideo.framework */; };
		653020502D95819E00EF33A3 /* ImageIO.framework in Frameworks */ = {isa = PBXBuildFile; fileRef = 6530204F2D95819E00EF33A3 /* ImageIO.framework */; };
		653020522D9581A200EF33A3 /* CoreImage.framework in Frameworks */ = {isa = PBXBuildFile; fileRef = 653020512D9581A200EF33A3 /* CoreImage.framework */; };
		653020542D95835300EF33A3 /* AudioToolbox.framework in Frameworks */ = {isa = PBXBuildFile; fileRef = 653020532D95835300EF33A3 /* AudioToolbox.framework */; };
		6530205C2D9583DC00EF33A3 /* CoreAudio.framework in Frameworks */ = {isa = PBXBuildFile; fileRef = 6530205B2D9583DC00EF33A3 /* CoreAudio.framework */; };
		653021202D96402E00EF33A3 /* CoreGraphics.framework in Frameworks */ = {isa = PBXBuildFile; fileRef = 6530211F2D96402E00EF33A3 /* CoreGraphics.framework */; };
		653021222D96418A00EF33A3 /* MarkdownUI in Frameworks */ = {isa = PBXBuildFile; productRef = 653021212D96418A00EF33A3 /* MarkdownUI */; };
		653021242D96418A00EF33A3 /* Alamofire in Frameworks */ = {isa = PBXBuildFile; productRef = 653021232D96418A00EF33A3 /* Alamofire */; };
/* End PBXBuildFile section */

/* Begin PBXContainerItemProxy section */
		65A0C65E2D9542A500138DAF /* PBXContainerItemProxy */ = {
			isa = PBXContainerItemProxy;
			containerPortal = 65A0C6442D9542A300138DAF /* Project object */;
			proxyType = 1;
			remoteGlobalIDString = 65A0C64B2D9542A300138DAF;
			remoteInfo = ScreenReader;
		};
		65A0C6682D9542A500138DAF /* PBXContainerItemProxy */ = {
			isa = PBXContainerItemProxy;
			containerPortal = 65A0C6442D9542A300138DAF /* Project object */;
			proxyType = 1;
			remoteGlobalIDString = 65A0C64B2D9542A300138DAF;
			remoteInfo = ScreenReader;
		};
/* End PBXContainerItemProxy section */

/* Begin PBXCopyFilesBuildPhase section */
		653021282D96418A00EF33A3 /* Embed Frameworks */ = {
			isa = PBXCopyFilesBuildPhase;
			buildActionMask = 2147483647;
			dstPath = "";
			dstSubfolderSpec = 10;
			files = (
			);
			name = "Embed Frameworks";
			runOnlyForDeploymentPostprocessing = 0;
		};
/* End PBXCopyFilesBuildPhase section */

/* Begin PBXFileReference section */
		653020452D956DB100EF33A3 /* SwiftUI.framework */ = {isa = PBXFileReference; lastKnownFileType = wrapper.framework; name = SwiftUI.framework; path = System/Library/Frameworks/SwiftUI.framework; sourceTree = SDKROOT; };
		653020472D956DBD00EF33A3 /* Foundation.framework */ = {isa = PBXFileReference; lastKnownFileType = wrapper.framework; name = Foundation.framework; path = System/Library/Frameworks/Foundation.framework; sourceTree = SDKROOT; };
		653020492D9580A000EF33A3 /* CoreAudioTypes.framework */ = {isa = PBXFileReference; lastKnownFileType = wrapper.framework; name = CoreAudioTypes.framework; path = System/Library/Frameworks/CoreAudioTypes.framework; sourceTree = SDKROOT; };
		6530204B2D95818D00EF33A3 /* CoreMedia.framework */ = {isa = PBXFileReference; lastKnownFileType = wrapper.framework; name = CoreMedia.framework; path = System/Library/Frameworks/CoreMedia.framework; sourceTree = SDKROOT; };
		6530204D2D95819500EF33A3 /* CoreVideo.framework */ = {isa = PBXFileReference; lastKnownFileType = wrapper.framework; name = CoreVideo.framework; path = System/Library/Frameworks/CoreVideo.framework; sourceTree = SDKROOT; };
		6530204F2D95819E00EF33A3 /* ImageIO.framework */ = {isa = PBXFileReference; lastKnownFileType = wrapper.framework; name = ImageIO.framework; path = System/Library/Frameworks/ImageIO.framework; sourceTree = SDKROOT; };
		653020512D9581A200EF33A3 /* CoreImage.framework */ = {isa = PBXFileReference; lastKnownFileType = wrapper.framework; name = CoreImage.framework; path = System/Library/Frameworks/CoreImage.framework; sourceTree = SDKROOT; };
		653020532D95835300EF33A3 /* AudioToolbox.framework */ = {isa = PBXFileReference; lastKnownFileType = wrapper.framework; name = AudioToolbox.framework; path = System/Library/Frameworks/AudioToolbox.framework; sourceTree = SDKROOT; };
		6530205B2D9583DC00EF33A3 /* CoreAudio.framework */ = {isa = PBXFileReference; lastKnownFileType = wrapper.framework; name = CoreAudio.framework; path = System/Library/Frameworks/CoreAudio.framework; sourceTree = SDKROOT; };
		6530211F2D96402E00EF33A3 /* CoreGraphics.framework */ = {isa = PBXFileReference; lastKnownFileType = wrapper.framework; name = CoreGraphics.framework; path = System/Library/Frameworks/CoreGraphics.framework; sourceTree = SDKROOT; };
		65A0C64C2D9542A300138DAF /* ScreenReader.app */ = {isa = PBXFileReference; explicitFileType = wrapper.application; includeInIndex = 0; path = ScreenReader.app; sourceTree = BUILT_PRODUCTS_DIR; };
		65A0C65D2D9542A500138DAF /* ScreenReaderTests.xctest */ = {isa = PBXFileReference; explicitFileType = wrapper.cfbundle; includeInIndex = 0; path = ScreenReaderTests.xctest; sourceTree = BUILT_PRODUCTS_DIR; };
		65A0C6672D9542A500138DAF /* ScreenReaderUITests.xctest */ = {isa = PBXFileReference; explicitFileType = wrapper.cfbundle; includeInIndex = 0; path = ScreenReaderUITests.xctest; sourceTree = BUILT_PRODUCTS_DIR; };
/* End PBXFileReference section */

/* Begin PBXFileSystemSynchronizedBuildFileExceptionSet section */
		6530212E2D96628D00EF33A3 /* Exceptions for "ScreenReader" folder in "ScreenReader" target */ = {
			isa = PBXFileSystemSynchronizedBuildFileExceptionSet;
			membershipExceptions = (
				Info.plist,
			);
			target = 65A0C64B2D9542A300138DAF /* ScreenReader */;
		};
		6530219E2D96B6C400EF33A3 /* Exceptions for "ScreenReaderTests" folder in "ScreenReaderTests" target */ = {
			isa = PBXFileSystemSynchronizedBuildFileExceptionSet;
			membershipExceptions = (
				Info.plist,
			);
			target = 65A0C65C2D9542A500138DAF /* ScreenReaderTests */;
		};
		653021A02D96B6C800EF33A3 /* Exceptions for "ScreenReaderUITests" folder in "ScreenReaderUITests" target */ = {
			isa = PBXFileSystemSynchronizedBuildFileExceptionSet;
			membershipExceptions = (
				Info.plist,
			);
			target = 65A0C6662D9542A500138DAF /* ScreenReaderUITests */;
		};
/* End PBXFileSystemSynchronizedBuildFileExceptionSet section */

/* Begin PBXFileSystemSynchronizedRootGroup section */
		65A0C64E2D9542A300138DAF /* ScreenReader */ = {
			isa = PBXFileSystemSynchronizedRootGroup;
			exceptions = (
				6530212E2D96628D00EF33A3 /* Exceptions for "ScreenReader" folder in "ScreenReader" target */,
			);
			path = ScreenReader;
			sourceTree = "<group>";
		};
		65A0C6602D9542A500138DAF /* ScreenReaderTests */ = {
			isa = PBXFileSystemSynchronizedRootGroup;
			exceptions = (
				6530219E2D96B6C400EF33A3 /* Exceptions for "ScreenReaderTests" folder in "ScreenReaderTests" target */,
			);
			path = ScreenReaderTests;
			sourceTree = "<group>";
		};
		65A0C66A2D9542A500138DAF /* ScreenReaderUITests */ = {
			isa = PBXFileSystemSynchronizedRootGroup;
			exceptions = (
				653021A02D96B6C800EF33A3 /* Exceptions for "ScreenReaderUITests" folder in "ScreenReaderUITests" target */,
			);
			path = ScreenReaderUITests;
			sourceTree = "<group>";
		};
/* End PBXFileSystemSynchronizedRootGroup section */

/* Begin PBXFrameworksBuildPhase section */
		65A0C6492D9542A300138DAF /* Frameworks */ = {
			isa = PBXFrameworksBuildPhase;
			buildActionMask = 2147483647;
			files = (
				6530204C2D95818D00EF33A3 /* CoreMedia.framework in Frameworks */,
				653020462D956DB100EF33A3 /* SwiftUI.framework in Frameworks */,
				6530205C2D9583DC00EF33A3 /* CoreAudio.framework in Frameworks */,
				653021202D96402E00EF33A3 /* CoreGraphics.framework in Frameworks */,
				653020522D9581A200EF33A3 /* CoreImage.framework in Frameworks */,
				653021242D96418A00EF33A3 /* Alamofire in Frameworks */,
				653020502D95819E00EF33A3 /* ImageIO.framework in Frameworks */,
				653020542D95835300EF33A3 /* AudioToolbox.framework in Frameworks */,
				653020482D956DBD00EF33A3 /* Foundation.framework in Frameworks */,
				6530204E2D95819500EF33A3 /* CoreVideo.framework in Frameworks */,
				653021222D96418A00EF33A3 /* MarkdownUI in Frameworks */,
			);
			runOnlyForDeploymentPostprocessing = 0;
		};
		65A0C65A2D9542A500138DAF /* Frameworks */ = {
			isa = PBXFrameworksBuildPhase;
			buildActionMask = 2147483647;
			files = (
			);
			runOnlyForDeploymentPostprocessing = 0;
		};
		65A0C6642D9542A500138DAF /* Frameworks */ = {
			isa = PBXFrameworksBuildPhase;
			buildActionMask = 2147483647;
			files = (
			);
			runOnlyForDeploymentPostprocessing = 0;
		};
/* End PBXFrameworksBuildPhase section */

/* Begin PBXGroup section */
		6530202D2D95503B00EF33A3 /* Frameworks */ = {
			isa = PBXGroup;
			children = (
				6530211F2D96402E00EF33A3 /* CoreGraphics.framework */,
				6530205B2D9583DC00EF33A3 /* CoreAudio.framework */,
				653020532D95835300EF33A3 /* AudioToolbox.framework */,
				653020512D9581A200EF33A3 /* CoreImage.framework */,
				6530204F2D95819E00EF33A3 /* ImageIO.framework */,
				6530204D2D95819500EF33A3 /* CoreVideo.framework */,
				6530204B2D95818D00EF33A3 /* CoreMedia.framework */,
				653020492D9580A000EF33A3 /* CoreAudioTypes.framework */,
				653020472D956DBD00EF33A3 /* Foundation.framework */,
				653020452D956DB100EF33A3 /* SwiftUI.framework */,
			);
			name = Frameworks;
			sourceTree = "<group>";
		};
		65A0C6432D9542A300138DAF = {
			isa = PBXGroup;
			children = (
				65A0C64E2D9542A300138DAF /* ScreenReader */,
				65A0C6602D9542A500138DAF /* ScreenReaderTests */,
				65A0C66A2D9542A500138DAF /* ScreenReaderUITests */,
				6530202D2D95503B00EF33A3 /* Frameworks */,
				65A0C64D2D9542A300138DAF /* Products */,
			);
			sourceTree = "<group>";
		};
		65A0C64D2D9542A300138DAF /* Products */ = {
			isa = PBXGroup;
			children = (
				65A0C64C2D9542A300138DAF /* ScreenReader.app */,
				65A0C65D2D9542A500138DAF /* ScreenReaderTests.xctest */,
				65A0C6672D9542A500138DAF /* ScreenReaderUITests.xctest */,
			);
			name = Products;
			sourceTree = "<group>";
		};
/* End PBXGroup section */

/* Begin PBXNativeTarget section */
		65A0C64B2D9542A300138DAF /* ScreenReader */ = {
			isa = PBXNativeTarget;
			buildConfigurationList = 65A0C6712D9542A500138DAF /* Build configuration list for PBXNativeTarget "ScreenReader" */;
			buildPhases = (
				65A0C6482D9542A300138DAF /* Sources */,
				65A0C6492D9542A300138DAF /* Frameworks */,
				65A0C64A2D9542A300138DAF /* Resources */,
				653021282D96418A00EF33A3 /* Embed Frameworks */,
			);
			buildRules = (
			);
			dependencies = (
			);
			fileSystemSynchronizedGroups = (
				65A0C64E2D9542A300138DAF /* ScreenReader */,
			);
			name = ScreenReader;
			packageProductDependencies = (
				653021212D96418A00EF33A3 /* MarkdownUI */,
				653021232D96418A00EF33A3 /* Alamofire */,
			);
			productName = ScreenReader;
			productReference = 65A0C64C2D9542A300138DAF /* ScreenReader.app */;
			productType = "com.apple.product-type.application";
		};
		65A0C65C2D9542A500138DAF /* ScreenReaderTests */ = {
			isa = PBXNativeTarget;
			buildConfigurationList = 65A0C6742D9542A500138DAF /* Build configuration list for PBXNativeTarget "ScreenReaderTests" */;
			buildPhases = (
				65A0C6592D9542A500138DAF /* Sources */,
				65A0C65A2D9542A500138DAF /* Frameworks */,
				65A0C65B2D9542A500138DAF /* Resources */,
			);
			buildRules = (
			);
			dependencies = (
				65A0C65F2D9542A500138DAF /* PBXTargetDependency */,
			);
			fileSystemSynchronizedGroups = (
				65A0C6602D9542A500138DAF /* ScreenReaderTests */,
			);
			name = ScreenReaderTests;
			packageProductDependencies = (
			);
			productName = ScreenReaderTests;
			productReference = 65A0C65D2D9542A500138DAF /* ScreenReaderTests.xctest */;
			productType = "com.apple.product-type.bundle.unit-test";
		};
		65A0C6662D9542A500138DAF /* ScreenReaderUITests */ = {
			isa = PBXNativeTarget;
			buildConfigurationList = 65A0C6772D9542A500138DAF /* Build configuration list for PBXNativeTarget "ScreenReaderUITests" */;
			buildPhases = (
				65A0C6632D9542A500138DAF /* Sources */,
				65A0C6642D9542A500138DAF /* Frameworks */,
				65A0C6652D9542A500138DAF /* Resources */,
			);
			buildRules = (
			);
			dependencies = (
				65A0C6692D9542A500138DAF /* PBXTargetDependency */,
			);
			fileSystemSynchronizedGroups = (
				65A0C66A2D9542A500138DAF /* ScreenReaderUITests */,
			);
			name = ScreenReaderUITests;
			packageProductDependencies = (
			);
			productName = ScreenReaderUITests;
			productReference = 65A0C6672D9542A500138DAF /* ScreenReaderUITests.xctest */;
			productType = "com.apple.product-type.bundle.ui-testing";
		};
/* End PBXNativeTarget section */

/* Begin PBXProject section */
		65A0C6442D9542A300138DAF /* Project object */ = {
			isa = PBXProject;
			attributes = {
				BuildIndependentTargetsInParallel = 1;
				LastSwiftUpdateCheck = 1610;
				LastUpgradeCheck = 1610;
				TargetAttributes = {
					65A0C64B2D9542A300138DAF = {
						CreatedOnToolsVersion = 16.1;
					};
					65A0C65C2D9542A500138DAF = {
						CreatedOnToolsVersion = 16.1;
						TestTargetID = 65A0C64B2D9542A300138DAF;
					};
					65A0C6662D9542A500138DAF = {
						CreatedOnToolsVersion = 16.1;
						TestTargetID = 65A0C64B2D9542A300138DAF;
					};
				};
			};
			buildConfigurationList = 65A0C6472D9542A300138DAF /* Build configuration list for PBXProject "ScreenReader" */;
			developmentRegion = en;
			hasScannedForEncodings = 0;
			knownRegions = (
				en,
				Base,
			);
			mainGroup = 65A0C6432D9542A300138DAF;
			minimizedProjectReferenceProxies = 1;
			packageReferences = (
				653020DF2D963E8500EF33A3 /* XCRemoteSwiftPackageReference "swift-markdown-ui" */,
				653020E02D963E9900EF33A3 /* XCRemoteSwiftPackageReference "Alamofire" */,
			);
			preferredProjectObjectVersion = 77;
			productRefGroup = 65A0C64D2D9542A300138DAF /* Products */;
			projectDirPath = "";
			projectRoot = "";
			targets = (
				65A0C64B2D9542A300138DAF /* ScreenReader */,
				65A0C65C2D9542A500138DAF /* ScreenReaderTests */,
				65A0C6662D9542A500138DAF /* ScreenReaderUITests */,
			);
		};
/* End PBXProject section */

/* Begin PBXResourcesBuildPhase section */
		65A0C64A2D9542A300138DAF /* Resources */ = {
			isa = PBXResourcesBuildPhase;
			buildActionMask = 2147483647;
			files = (
			);
			runOnlyForDeploymentPostprocessing = 0;
		};
		65A0C65B2D9542A500138DAF /* Resources */ = {
			isa = PBXResourcesBuildPhase;
			buildActionMask = 2147483647;
			files = (
			);
			runOnlyForDeploymentPostprocessing = 0;
		};
		65A0C6652D9542A500138DAF /* Resources */ = {
			isa = PBXResourcesBuildPhase;
			buildActionMask = 2147483647;
			files = (
			);
			runOnlyForDeploymentPostprocessing = 0;
		};
/* End PBXResourcesBuildPhase section */

/* Begin PBXSourcesBuildPhase section */
		65A0C6482D9542A300138DAF /* Sources */ = {
			isa = PBXSourcesBuildPhase;
			buildActionMask = 2147483647;
			files = (
			);
			runOnlyForDeploymentPostprocessing = 0;
		};
		65A0C6592D9542A500138DAF /* Sources */ = {
			isa = PBXSourcesBuildPhase;
			buildActionMask = 2147483647;
			files = (
			);
			runOnlyForDeploymentPostprocessing = 0;
		};
		65A0C6632D9542A500138DAF /* Sources */ = {
			isa = PBXSourcesBuildPhase;
			buildActionMask = 2147483647;
			files = (
			);
			runOnlyForDeploymentPostprocessing = 0;
		};
/* End PBXSourcesBuildPhase section */

/* Begin PBXTargetDependency section */
		65A0C65F2D9542A500138DAF /* PBXTargetDependency */ = {
			isa = PBXTargetDependency;
			target = 65A0C64B2D9542A300138DAF /* ScreenReader */;
			targetProxy = 65A0C65E2D9542A500138DAF /* PBXContainerItemProxy */;
		};
		65A0C6692D9542A500138DAF /* PBXTargetDependency */ = {
			isa = PBXTargetDependency;
			target = 65A0C64B2D9542A300138DAF /* ScreenReader */;
			targetProxy = 65A0C6682D9542A500138DAF /* PBXContainerItemProxy */;
		};
/* End PBXTargetDependency section */

/* Begin XCBuildConfiguration section */
		65A0C66F2D9542A500138DAF /* Debug */ = {
			isa = XCBuildConfiguration;
			buildSettings = {
				ALWAYS_SEARCH_USER_PATHS = NO;
				ASSETCATALOG_COMPILER_GENERATE_SWIFT_ASSET_SYMBOL_EXTENSIONS = YES;
				CLANG_ANALYZER_NONNULL = YES;
				CLANG_ANALYZER_NUMBER_OBJECT_CONVERSION = YES_AGGRESSIVE;
				CLANG_CXX_LANGUAGE_STANDARD = "gnu++20";
				CLANG_ENABLE_MODULES = YES;
				CLANG_ENABLE_OBJC_ARC = YES;
				CLANG_ENABLE_OBJC_WEAK = YES;
				CLANG_WARN_BLOCK_CAPTURE_AUTORELEASING = YES;
				CLANG_WARN_BOOL_CONVERSION = YES;
				CLANG_WARN_COMMA = YES;
				CLANG_WARN_CONSTANT_CONVERSION = YES;
				CLANG_WARN_DEPRECATED_OBJC_IMPLEMENTATIONS = YES;
				CLANG_WARN_DIRECT_OBJC_ISA_USAGE = YES_ERROR;
				CLANG_WARN_DOCUMENTATION_COMMENTS = YES;
				CLANG_WARN_EMPTY_BODY = YES;
				CLANG_WARN_ENUM_CONVERSION = YES;
				CLANG_WARN_INFINITE_RECURSION = YES;
				CLANG_WARN_INT_CONVERSION = YES;
				CLANG_WARN_NON_LITERAL_NULL_CONVERSION = YES;
				CLANG_WARN_OBJC_IMPLICIT_RETAIN_SELF = YES;
				CLANG_WARN_OBJC_LITERAL_CONVERSION = YES;
				CLANG_WARN_OBJC_ROOT_CLASS = YES_ERROR;
				CLANG_WARN_QUOTED_INCLUDE_IN_FRAMEWORK_HEADER = YES;
				CLANG_WARN_RANGE_LOOP_ANALYSIS = YES;
				CLANG_WARN_STRICT_PROTOTYPES = YES;
				CLANG_WARN_SUSPICIOUS_MOVE = YES;
				CLANG_WARN_UNGUARDED_AVAILABILITY = YES_AGGRESSIVE;
				CLANG_WARN_UNREACHABLE_CODE = YES;
				CLANG_WARN__DUPLICATE_METHOD_MATCH = YES;
				COPY_PHASE_STRIP = NO;
				DEBUG_INFORMATION_FORMAT = dwarf;
				ENABLE_STRICT_OBJC_MSGSEND = YES;
				ENABLE_TESTABILITY = YES;
				ENABLE_USER_SCRIPT_SANDBOXING = YES;
				GCC_C_LANGUAGE_STANDARD = gnu17;
				GCC_DYNAMIC_NO_PIC = NO;
				GCC_NO_COMMON_BLOCKS = YES;
				GCC_OPTIMIZATION_LEVEL = 0;
				GCC_PREPROCESSOR_DEFINITIONS = (
					"DEBUG=1",
					"$(inherited)",
				);
				GCC_WARN_64_TO_32_BIT_CONVERSION = YES;
				GCC_WARN_ABOUT_RETURN_TYPE = YES_ERROR;
				GCC_WARN_UNDECLARED_SELECTOR = YES;
				GCC_WARN_UNINITIALIZED_AUTOS = YES_AGGRESSIVE;
				GCC_WARN_UNUSED_FUNCTION = YES;
				GCC_WARN_UNUSED_VARIABLE = YES;
				LOCALIZATION_PREFERS_STRING_CATALOGS = YES;
				MACOSX_DEPLOYMENT_TARGET = 15.1;
				MTL_ENABLE_DEBUG_INFO = INCLUDE_SOURCE;
				MTL_FAST_MATH = YES;
				ONLY_ACTIVE_ARCH = YES;
				SDKROOT = macosx;
				SWIFT_ACTIVE_COMPILATION_CONDITIONS = "DEBUG $(inherited)";
				SWIFT_OPTIMIZATION_LEVEL = "-Onone";
			};
			name = Debug;
		};
		65A0C6702D9542A500138DAF /* Release */ = {
			isa = XCBuildConfiguration;
			buildSettings = {
				ALWAYS_SEARCH_USER_PATHS = NO;
				ASSETCATALOG_COMPILER_GENERATE_SWIFT_ASSET_SYMBOL_EXTENSIONS = YES;
				CLANG_ANALYZER_NONNULL = YES;
				CLANG_ANALYZER_NUMBER_OBJECT_CONVERSION = YES_AGGRESSIVE;
				CLANG_CXX_LANGUAGE_STANDARD = "gnu++20";
				CLANG_ENABLE_MODULES = YES;
				CLANG_ENABLE_OBJC_ARC = YES;
				CLANG_ENABLE_OBJC_WEAK = YES;
				CLANG_WARN_BLOCK_CAPTURE_AUTORELEASING = YES;
				CLANG_WARN_BOOL_CONVERSION = YES;
				CLANG_WARN_COMMA = YES;
				CLANG_WARN_CONSTANT_CONVERSION = YES;
				CLANG_WARN_DEPRECATED_OBJC_IMPLEMENTATIONS = YES;
				CLANG_WARN_DIRECT_OBJC_ISA_USAGE = YES_ERROR;
				CLANG_WARN_DOCUMENTATION_COMMENTS = YES;
				CLANG_WARN_EMPTY_BODY = YES;
				CLANG_WARN_ENUM_CONVERSION = YES;
				CLANG_WARN_INFINITE_RECURSION = YES;
				CLANG_WARN_INT_CONVERSION = YES;
				CLANG_WARN_NON_LITERAL_NULL_CONVERSION = YES;
				CLANG_WARN_OBJC_IMPLICIT_RETAIN_SELF = YES;
				CLANG_WARN_OBJC_LITERAL_CONVERSION = YES;
				CLANG_WARN_OBJC_ROOT_CLASS = YES_ERROR;
				CLANG_WARN_QUOTED_INCLUDE_IN_FRAMEWORK_HEADER = YES;
				CLANG_WARN_RANGE_LOOP_ANALYSIS = YES;
				CLANG_WARN_STRICT_PROTOTYPES = YES;
				CLANG_WARN_SUSPICIOUS_MOVE = YES;
				CLANG_WARN_UNGUARDED_AVAILABILITY = YES_AGGRESSIVE;
				CLANG_WARN_UNREACHABLE_CODE = YES;
				CLANG_WARN__DUPLICATE_METHOD_MATCH = YES;
				COPY_PHASE_STRIP = NO;
				DEBUG_INFORMATION_FORMAT = "dwarf-with-dsym";
				ENABLE_NS_ASSERTIONS = NO;
				ENABLE_STRICT_OBJC_MSGSEND = YES;
				ENABLE_USER_SCRIPT_SANDBOXING = YES;
				GCC_C_LANGUAGE_STANDARD = gnu17;
				GCC_NO_COMMON_BLOCKS = YES;
				GCC_WARN_64_TO_32_BIT_CONVERSION = YES;
				GCC_WARN_ABOUT_RETURN_TYPE = YES_ERROR;
				GCC_WARN_UNDECLARED_SELECTOR = YES;
				GCC_WARN_UNINITIALIZED_AUTOS = YES_AGGRESSIVE;
				GCC_WARN_UNUSED_FUNCTION = YES;
				GCC_WARN_UNUSED_VARIABLE = YES;
				LOCALIZATION_PREFERS_STRING_CATALOGS = YES;
				MACOSX_DEPLOYMENT_TARGET = 15.1;
				MTL_ENABLE_DEBUG_INFO = NO;
				MTL_FAST_MATH = YES;
				SDKROOT = macosx;
				SWIFT_COMPILATION_MODE = wholemodule;
			};
			name = Release;
		};
		65A0C6722D9542A500138DAF /* Debug */ = {
			isa = XCBuildConfiguration;
			buildSettings = {
				ASSETCATALOG_COMPILER_APPICON_NAME = AppIcon;
				ASSETCATALOG_COMPILER_GLOBAL_ACCENT_COLOR_NAME = AccentColor;
				CODE_SIGN_ENTITLEMENTS = ScreenReader/ScreenReader.entitlements;
				CODE_SIGN_STYLE = Automatic;
				COMBINE_HIDPI_IMAGES = YES;
				CURRENT_PROJECT_VERSION = 1;
				DEVELOPMENT_ASSET_PATHS = "\"ScreenReader/Preview Content\"";
				DEVELOPMENT_TEAM = PA529D52F3;
				ENABLE_HARDENED_RUNTIME = YES;
				ENABLE_PREVIEWS = YES;
				GENERATE_INFOPLIST_FILE = YES;
				INFOPLIST_FILE = ScreenReader/Info.plist;
				INFOPLIST_KEY_NSHumanReadableCopyright = "";
				LD_RUNPATH_SEARCH_PATHS = (
					"$(inherited)",
					"@executable_path/../Frameworks",
				);
				MARKETING_VERSION = 1.0;
				PRODUCT_BUNDLE_IDENTIFIER = com.daniel.ScreenReader;
				PRODUCT_NAME = "$(TARGET_NAME)";
				SWIFT_EMIT_LOC_STRINGS = YES;
				SWIFT_VERSION = 5.0;
			};
			name = Debug;
		};
		65A0C6732D9542A500138DAF /* Release */ = {
			isa = XCBuildConfiguration;
			buildSettings = {
				ASSETCATALOG_COMPILER_APPICON_NAME = AppIcon;
				ASSETCATALOG_COMPILER_GLOBAL_ACCENT_COLOR_NAME = AccentColor;
				CODE_SIGN_ENTITLEMENTS = ScreenReader/ScreenReader.entitlements;
				CODE_SIGN_STYLE = Automatic;
				COMBINE_HIDPI_IMAGES = YES;
				CURRENT_PROJECT_VERSION = 1;
				DEVELOPMENT_ASSET_PATHS = "\"ScreenReader/Preview Content\"";
				DEVELOPMENT_TEAM = PA529D52F3;
				ENABLE_HARDENED_RUNTIME = YES;
				ENABLE_PREVIEWS = YES;
				GENERATE_INFOPLIST_FILE = YES;
				INFOPLIST_FILE = ScreenReader/Info.plist;
				INFOPLIST_KEY_NSHumanReadableCopyright = "";
				LD_RUNPATH_SEARCH_PATHS = (
					"$(inherited)",
					"@executable_path/../Frameworks",
				);
				MARKETING_VERSION = 1.0;
				PRODUCT_BUNDLE_IDENTIFIER = com.daniel.ScreenReader;
				PRODUCT_NAME = "$(TARGET_NAME)";
				SWIFT_EMIT_LOC_STRINGS = YES;
				SWIFT_VERSION = 5.0;
			};
			name = Release;
		};
		65A0C6752D9542A500138DAF /* Debug */ = {
			isa = XCBuildConfiguration;
			buildSettings = {
				BUNDLE_LOADER = "$(TEST_HOST)";
				CODE_SIGN_STYLE = Automatic;
				CURRENT_PROJECT_VERSION = 1;
				DEVELOPMENT_TEAM = PA529D52F3;
				GENERATE_INFOPLIST_FILE = YES;
				INFOPLIST_FILE = ScreenReaderTests/Info.plist;
				MACOSX_DEPLOYMENT_TARGET = 15.1;
				MARKETING_VERSION = 1.0;
				PRODUCT_BUNDLE_IDENTIFIER = com.daniel.ScreenReaderTests;
				PRODUCT_NAME = "$(TARGET_NAME)";
				SWIFT_EMIT_LOC_STRINGS = NO;
				SWIFT_VERSION = 5.0;
				TEST_HOST = "$(BUILT_PRODUCTS_DIR)/ScreenReader.app/$(BUNDLE_EXECUTABLE_FOLDER_PATH)/ScreenReader";
			};
			name = Debug;
		};
		65A0C6762D9542A500138DAF /* Release */ = {
			isa = XCBuildConfiguration;
			buildSettings = {
				BUNDLE_LOADER = "$(TEST_HOST)";
				CODE_SIGN_STYLE = Automatic;
				CURRENT_PROJECT_VERSION = 1;
				DEVELOPMENT_TEAM = PA529D52F3;
				GENERATE_INFOPLIST_FILE = YES;
				INFOPLIST_FILE = ScreenReaderTests/Info.plist;
				MACOSX_DEPLOYMENT_TARGET = 15.1;
				MARKETING_VERSION = 1.0;
				PRODUCT_BUNDLE_IDENTIFIER = com.daniel.ScreenReaderTests;
				PRODUCT_NAME = "$(TARGET_NAME)";
				SWIFT_EMIT_LOC_STRINGS = NO;
				SWIFT_VERSION = 5.0;
				TEST_HOST = "$(BUILT_PRODUCTS_DIR)/ScreenReader.app/$(BUNDLE_EXECUTABLE_FOLDER_PATH)/ScreenReader";
			};
			name = Release;
		};
		65A0C6782D9542A500138DAF /* Debug */ = {
			isa = XCBuildConfiguration;
			buildSettings = {
				CODE_SIGN_STYLE = Automatic;
				CURRENT_PROJECT_VERSION = 1;
				DEVELOPMENT_TEAM = PA529D52F3;
				GENERATE_INFOPLIST_FILE = YES;
				INFOPLIST_FILE = ScreenReaderUITests/Info.plist;
				MARKETING_VERSION = 1.0;
				PRODUCT_BUNDLE_IDENTIFIER = com.daniel.ScreenReaderUITests;
				PRODUCT_NAME = "$(TARGET_NAME)";
				SWIFT_EMIT_LOC_STRINGS = NO;
				SWIFT_VERSION = 5.0;
				TEST_TARGET_NAME = ScreenReader;
			};
			name = Debug;
		};
		65A0C6792D9542A500138DAF /* Release */ = {
			isa = XCBuildConfiguration;
			buildSettings = {
				CODE_SIGN_STYLE = Automatic;
				CURRENT_PROJECT_VERSION = 1;
				DEVELOPMENT_TEAM = PA529D52F3;
				GENERATE_INFOPLIST_FILE = YES;
				INFOPLIST_FILE = ScreenReaderUITests/Info.plist;
				MARKETING_VERSION = 1.0;
				PRODUCT_BUNDLE_IDENTIFIER = com.daniel.ScreenReaderUITests;
				PRODUCT_NAME = "$(TARGET_NAME)";
				SWIFT_EMIT_LOC_STRINGS = NO;
				SWIFT_VERSION = 5.0;
				TEST_TARGET_NAME = ScreenReader;
			};
			name = Release;
		};
/* End XCBuildConfiguration section */

/* Begin XCConfigurationList section */
		65A0C6472D9542A300138DAF /* Build configuration list for PBXProject "ScreenReader" */ = {
			isa = XCConfigurationList;
			buildConfigurations = (
				65A0C66F2D9542A500138DAF /* Debug */,
				65A0C6702D9542A500138DAF /* Release */,
			);
			defaultConfigurationIsVisible = 0;
			defaultConfigurationName = Release;
		};
		65A0C6712D9542A500138DAF /* Build configuration list for PBXNativeTarget "ScreenReader" */ = {
			isa = XCConfigurationList;
			buildConfigurations = (
				65A0C6722D9542A500138DAF /* Debug */,
				65A0C6732D9542A500138DAF /* Release */,
			);
			defaultConfigurationIsVisible = 0;
			defaultConfigurationName = Release;
		};
		65A0C6742D9542A500138DAF /* Build configuration list for PBXNativeTarget "ScreenReaderTests" */ = {
			isa = XCConfigurationList;
			buildConfigurations = (
				65A0C6752D9542A500138DAF /* Debug */,
				65A0C6762D9542A500138DAF /* Release */,
			);
			defaultConfigurationIsVisible = 0;
			defaultConfigurationName = Release;
		};
		65A0C6772D9542A500138DAF /* Build configuration list for PBXNativeTarget "ScreenReaderUITests" */ = {
			isa = XCConfigurationList;
			buildConfigurations = (
				65A0C6782D9542A500138DAF /* Debug */,
				65A0C6792D9542A500138DAF /* Release */,
			);
			defaultConfigurationIsVisible = 0;
			defaultConfigurationName = Release;
		};
/* End XCConfigurationList section */

/* Begin XCRemoteSwiftPackageReference section */
		653020DF2D963E8500EF33A3 /* XCRemoteSwiftPackageReference "swift-markdown-ui" */ = {
			isa = XCRemoteSwiftPackageReference;
			repositoryURL = "https://github.com/gonzalezreal/swift-markdown-ui";
			requirement = {
				kind = upToNextMajorVersion;
				minimumVersion = 2.4.1;
			};
		};
		653020E02D963E9900EF33A3 /* XCRemoteSwiftPackageReference "Alamofire" */ = {
			isa = XCRemoteSwiftPackageReference;
			repositoryURL = "https://github.com/Alamofire/Alamofire.git";
			requirement = {
				kind = upToNextMajorVersion;
				minimumVersion = 5.10.2;
			};
		};
/* End XCRemoteSwiftPackageReference section */

/* Begin XCSwiftPackageProductDependency section */
		653021212D96418A00EF33A3 /* MarkdownUI */ = {
			isa = XCSwiftPackageProductDependency;
			package = 653020DF2D963E8500EF33A3 /* XCRemoteSwiftPackageReference "swift-markdown-ui" */;
			productName = MarkdownUI;
		};
		653021232D96418A00EF33A3 /* Alamofire */ = {
			isa = XCSwiftPackageProductDependency;
			package = 653020E02D963E9900EF33A3 /* XCRemoteSwiftPackageReference "Alamofire" */;
			productName = Alamofire;
		};
/* End XCSwiftPackageProductDependency section */
	};
	rootObject = 65A0C6442D9542A300138DAF /* Project object */;
}
